// !$*UTF8*$!
{
	archiveVersion = 1;
	classes = {
	};
	objectVersion = 50;
	objects = {

/* Begin PBXBuildFile section */
		2D41CDE822429529002529FF /* AppDelegate.swift in Sources */ = {isa = PBXBuildFile; fileRef = 2D41CDE722429529002529FF /* AppDelegate.swift */; };
		2D41CDEA22429529002529FF /* ViewController.swift in Sources */ = {isa = PBXBuildFile; fileRef = 2D41CDE922429529002529FF /* ViewController.swift */; };
		2D41CDED22429529002529FF /* Main.storyboard in Resources */ = {isa = PBXBuildFile; fileRef = 2D41CDEB22429529002529FF /* Main.storyboard */; };
		2D41CDEF2242952B002529FF /* Assets.xcassets in Resources */ = {isa = PBXBuildFile; fileRef = 2D41CDEE2242952B002529FF /* Assets.xcassets */; };
		2D41CDF22242952B002529FF /* LaunchScreen.storyboard in Resources */ = {isa = PBXBuildFile; fileRef = 2D41CDF02242952B002529FF /* LaunchScreen.storyboard */; };
		2D41CE062242978B002529FF /* WiFi_ap_info.swift in Sources */ = {isa = PBXBuildFile; fileRef = 2D41CE022242978A002529FF /* WiFi_ap_info.swift */; };
		2D41CE072242978B002529FF /* DataDealing.swift in Sources */ = {isa = PBXBuildFile; fileRef = 2D41CE032242978A002529FF /* DataDealing.swift */; };
		2D41CE082242978B002529FF /* AlertMessage.swift in Sources */ = {isa = PBXBuildFile; fileRef = 2D41CE042242978A002529FF /* AlertMessage.swift */; };
		2D41CE092242978B002529FF /* StringDealing.swift in Sources */ = {isa = PBXBuildFile; fileRef = 2D41CE052242978B002529FF /* StringDealing.swift */; };
		2D41CE0C2242985E002529FF /* BluetoothAccess.swift in Sources */ = {isa = PBXBuildFile; fileRef = 2D41CE0B2242985E002529FF /* BluetoothAccess.swift */; };
		2D41CE142242A425002529FF /* .gitignore in Resources */ = {isa = PBXBuildFile; fileRef = 2D41CE132242A425002529FF /* .gitignore */; };
/* End PBXBuildFile section */

/* Begin PBXFileReference section */
		2D41CDE422429529002529FF /* BLE simple practices.app */ = {isa = PBXFileReference; explicitFileType = wrapper.application; includeInIndex = 0; path = "BLE simple practices.app"; sourceTree = BUILT_PRODUCTS_DIR; };
		2D41CDE722429529002529FF /* AppDelegate.swift */ = {isa = PBXFileReference; lastKnownFileType = sourcecode.swift; path = AppDelegate.swift; sourceTree = "<group>"; };
		2D41CDE922429529002529FF /* ViewController.swift */ = {isa = PBXFileReference; lastKnownFileType = sourcecode.swift; path = ViewController.swift; sourceTree = "<group>"; };
		2D41CDEC22429529002529FF /* Base */ = {isa = PBXFileReference; lastKnownFileType = file.storyboard; name = Base; path = Base.lproj/Main.storyboard; sourceTree = "<group>"; };
		2D41CDEE2242952B002529FF /* Assets.xcassets */ = {isa = PBXFileReference; lastKnownFileType = folder.assetcatalog; path = Assets.xcassets; sourceTree = "<group>"; };
		2D41CDF12242952B002529FF /* Base */ = {isa = PBXFileReference; lastKnownFileType = file.storyboard; name = Base; path = Base.lproj/LaunchScreen.storyboard; sourceTree = "<group>"; };
		2D41CDF32242952B002529FF /* Info.plist */ = {isa = PBXFileReference; lastKnownFileType = text.plist.xml; path = Info.plist; sourceTree = "<group>"; };
		2D41CE022242978A002529FF /* WiFi_ap_info.swift */ = {isa = PBXFileReference; fileEncoding = 4; lastKnownFileType = sourcecode.swift; path = WiFi_ap_info.swift; sourceTree = "<group>"; };
		2D41CE032242978A002529FF /* DataDealing.swift */ = {isa = PBXFileReference; fileEncoding = 4; lastKnownFileType = sourcecode.swift; path = DataDealing.swift; sourceTree = "<group>"; };
		2D41CE042242978A002529FF /* AlertMessage.swift */ = {isa = PBXFileReference; fileEncoding = 4; lastKnownFileType = sourcecode.swift; path = AlertMessage.swift; sourceTree = "<group>"; };
		2D41CE052242978B002529FF /* StringDealing.swift */ = {isa = PBXFileReference; fileEncoding = 4; lastKnownFileType = sourcecode.swift; path = StringDealing.swift; sourceTree = "<group>"; };
		2D41CE0B2242985E002529FF /* BluetoothAccess.swift */ = {isa = PBXFileReference; fileEncoding = 4; lastKnownFileType = sourcecode.swift; path = BluetoothAccess.swift; sourceTree = "<group>"; };
		2D41CE1022429DA5002529FF /* BLE simple practices.entitlements */ = {isa = PBXFileReference; lastKnownFileType = text.plist.entitlements; path = "BLE simple practices.entitlements"; sourceTree = "<group>"; };
		2D41CE132242A425002529FF /* .gitignore */ = {isa = PBXFileReference; lastKnownFileType = text; path = .gitignore; sourceTree = "<group>"; };
/* End PBXFileReference section */

/* Begin PBXFrameworksBuildPhase section */
		2D41CDE122429529002529FF /* Frameworks */ = {
			isa = PBXFrameworksBuildPhase;
			buildActionMask = 2147483647;
			files = (
			);
			runOnlyForDeploymentPostprocessing = 0;
		};
/* End PBXFrameworksBuildPhase section */

/* Begin PBXGroup section */
		2D41CDDB22429529002529FF = {
			isa = PBXGroup;
			children = (
				2D41CE132242A425002529FF /* .gitignore */,
				2D41CDE622429529002529FF /* BLE simple practices */,
				2D41CDE522429529002529FF /* Products */,
				2D41CE0D22429DA5002529FF /* Frameworks */,
			);
			sourceTree = "<group>";
		};
		2D41CDE522429529002529FF /* Products */ = {
			isa = PBXGroup;
			children = (
				2D41CDE422429529002529FF /* BLE simple practices.app */,
			);
			name = Products;
			sourceTree = "<group>";
		};
		2D41CDE622429529002529FF /* BLE simple practices */ = {
			isa = PBXGroup;
			children = (
				2D41CE1022429DA5002529FF /* BLE simple practices.entitlements */,
				2D41CDF92242967E002529FF /* Extension */,
				2D41CE0A2242983B002529FF /* BLE Model */,
				2D41CE122242A2E9002529FF /* View */,
				2D41CE112242A2C7002529FF /* Controller */,
				2D41CDE722429529002529FF /* AppDelegate.swift */,
				2D41CDEE2242952B002529FF /* Assets.xcassets */,
				2D41CDF02242952B002529FF /* LaunchScreen.storyboard */,
				2D41CDF32242952B002529FF /* Info.plist */,
			);
			path = "BLE simple practices";
			sourceTree = "<group>";
		};
		2D41CDF92242967E002529FF /* Extension */ = {
			isa = PBXGroup;
			children = (
				2D41CE042242978A002529FF /* AlertMessage.swift */,
				2D41CE032242978A002529FF /* DataDealing.swift */,
				2D41CE052242978B002529FF /* StringDealing.swift */,
				2D41CE022242978A002529FF /* WiFi_ap_info.swift */,
			);
			name = Extension;
			sourceTree = "<group>";
		};
		2D41CE0A2242983B002529FF /* BLE Model */ = {
			isa = PBXGroup;
			children = (
				2D41CE0B2242985E002529FF /* BluetoothAccess.swift */,
			);
			path = "BLE Model";
			sourceTree = "<group>";
		};
		2D41CE0D22429DA5002529FF /* Frameworks */ = {
			isa = PBXGroup;
			children = (
			);
			name = Frameworks;
			sourceTree = "<group>";
		};
		2D41CE112242A2C7002529FF /* Controller */ = {
			isa = PBXGroup;
			children = (
				2D41CDE922429529002529FF /* ViewController.swift */,
			);
			name = Controller;
			sourceTree = "<group>";
		};
		2D41CE122242A2E9002529FF /* View */ = {
			isa = PBXGroup;
			children = (
				2D41CDEB22429529002529FF /* Main.storyboard */,
			);
			path = View;
			sourceTree = "<group>";
		};
/* End PBXGroup section */

/* Begin PBXNativeTarget section */
		2D41CDE322429529002529FF /* BLE simple practices */ = {
			isa = PBXNativeTarget;
			buildConfigurationList = 2D41CDF62242952B002529FF /* Build configuration list for PBXNativeTarget "BLE simple practices" */;
			buildPhases = (
				2D41CDE022429529002529FF /* Sources */,
				2D41CDE122429529002529FF /* Frameworks */,
				2D41CDE222429529002529FF /* Resources */,
			);
			buildRules = (
			);
			dependencies = (
			);
			name = "BLE simple practices";
			productName = "BLE simple practices";
			productReference = 2D41CDE422429529002529FF /* BLE simple practices.app */;
			productType = "com.apple.product-type.application";
		};
/* End PBXNativeTarget section */

/* Begin PBXProject section */
		2D41CDDC22429529002529FF /* Project object */ = {
			isa = PBXProject;
			attributes = {
				LastSwiftUpdateCheck = 1010;
				LastUpgradeCheck = 1010;
				ORGANIZATIONNAME = "Joshua Chang";
				TargetAttributes = {
					2D41CDE322429529002529FF = {
						CreatedOnToolsVersion = 10.1;
						SystemCapabilities = {
							com.apple.WAC = {
								enabled = 0;
							};
						};
					};
				};
			};
			buildConfigurationList = 2D41CDDF22429529002529FF /* Build configuration list for PBXProject "BLE simple practices" */;
			compatibilityVersion = "Xcode 9.3";
			developmentRegion = en;
			hasScannedForEncodings = 0;
			knownRegions = (
				en,
				Base,
			);
			mainGroup = 2D41CDDB22429529002529FF;
			productRefGroup = 2D41CDE522429529002529FF /* Products */;
			projectDirPath = "";
			projectRoot = "";
			targets = (
				2D41CDE322429529002529FF /* BLE simple practices */,
			);
		};
/* End PBXProject section */

/* Begin PBXResourcesBuildPhase section */
		2D41CDE222429529002529FF /* Resources */ = {
			isa = PBXResourcesBuildPhase;
			buildActionMask = 2147483647;
			files = (
				2D41CE142242A425002529FF /* .gitignore in Resources */,
				2D41CDF22242952B002529FF /* LaunchScreen.storyboard in Resources */,
				2D41CDEF2242952B002529FF /* Assets.xcassets in Resources */,
				2D41CDED22429529002529FF /* Main.storyboard in Resources */,
			);
			runOnlyForDeploymentPostprocessing = 0;
		};
/* End PBXResourcesBuildPhase section */

/* Begin PBXSourcesBuildPhase section */
		2D41CDE022429529002529FF /* Sources */ = {
			isa = PBXSourcesBuildPhase;
			buildActionMask = 2147483647;
			files = (
				2D41CE0C2242985E002529FF /* BluetoothAccess.swift in Sources */,
				2D41CE062242978B002529FF /* WiFi_ap_info.swift in Sources */,
				2D41CE082242978B002529FF /* AlertMessage.swift in Sources */,
				2D41CDEA22429529002529FF /* ViewController.swift in Sources */,
				2D41CE092242978B002529FF /* StringDealing.swift in Sources */,
				2D41CE072242978B002529FF /* DataDealing.swift in Sources */,
				2D41CDE822429529002529FF /* AppDelegate.swift in Sources */,
			);
			runOnlyForDeploymentPostprocessing = 0;
		};
/* End PBXSourcesBuildPhase section */

/* Begin PBXVariantGroup section */
		2D41CDEB22429529002529FF /* Main.storyboard */ = {
			isa = PBXVariantGroup;
			children = (
				2D41CDEC22429529002529FF /* Base */,
			);
			name = Main.storyboard;
			sourceTree = "<group>";
		};
		2D41CDF02242952B002529FF /* LaunchScreen.storyboard */ = {
			isa = PBXVariantGroup;
			children = (
				2D41CDF12242952B002529FF /* Base */,
			);
			name = LaunchScreen.storyboard;
			sourceTree = "<group>";
		};
/* End PBXVariantGroup section */

/* Begin XCBuildConfiguration section */
		2D41CDF42242952B002529FF /* Debug */ = {
			isa = XCBuildConfiguration;
			buildSettings = {
				ALWAYS_SEARCH_USER_PATHS = NO;
				CLANG_ANALYZER_NONNULL = YES;
				CLANG_ANALYZER_NUMBER_OBJECT_CONVERSION = YES_AGGRESSIVE;
				CLANG_CXX_LANGUAGE_STANDARD = "gnu++14";
				CLANG_CXX_LIBRARY = "libc++";
				CLANG_ENABLE_MODULES = YES;
				CLANG_ENABLE_OBJC_ARC = YES;
				CLANG_ENABLE_OBJC_WEAK = YES;
				CLANG_WARN_BLOCK_CAPTURE_AUTORELEASING = YES;
				CLANG_WARN_BOOL_CONVERSION = YES;
				CLANG_WARN_COMMA = YES;
				CLANG_WARN_CONSTANT_CONVERSION = YES;
				CLANG_WARN_DEPRECATED_OBJC_IMPLEMENTATIONS = YES;
				CLANG_WARN_DIRECT_OBJC_ISA_USAGE = YES_ERROR;
				CLANG_WARN_DOCUMENTATION_COMMENTS = YES;
				CLANG_WARN_EMPTY_BODY = YES;
				CLANG_WARN_ENUM_CONVERSION = YES;
				CLANG_WARN_INFINITE_RECURSION = YES;
				CLANG_WARN_INT_CONVERSION = YES;
				CLANG_WARN_NON_LITERAL_NULL_CONVERSION = YES;
				CLANG_WARN_OBJC_IMPLICIT_RETAIN_SELF = YES;
				CLANG_WARN_OBJC_LITERAL_CONVERSION = YES;
				CLANG_WARN_OBJC_ROOT_CLASS = YES_ERROR;
				CLANG_WARN_RANGE_LOOP_ANALYSIS = YES;
				CLANG_WARN_STRICT_PROTOTYPES = YES;
				CLANG_WARN_SUSPICIOUS_MOVE = YES;
				CLANG_WARN_UNGUARDED_AVAILABILITY = YES_AGGRESSIVE;
				CLANG_WARN_UNREACHABLE_CODE = YES;
				CLANG_WARN__DUPLICATE_METHOD_MATCH = YES;
				CODE_SIGN_IDENTITY = "iPhone Developer";
				COPY_PHASE_STRIP = NO;
				DEBUG_INFORMATION_FORMAT = dwarf;
				ENABLE_STRICT_OBJC_MSGSEND = YES;
				ENABLE_TESTABILITY = YES;
				GCC_C_LANGUAGE_STANDARD = gnu11;
				GCC_DYNAMIC_NO_PIC = NO;
				GCC_NO_COMMON_BLOCKS = YES;
				GCC_OPTIMIZATION_LEVEL = 0;
				GCC_PREPROCESSOR_DEFINITIONS = (
					"DEBUG=1",
					"$(inherited)",
				);
				GCC_WARN_64_TO_32_BIT_CONVERSION = YES;
				GCC_WARN_ABOUT_RETURN_TYPE = YES_ERROR;
				GCC_WARN_UNDECLARED_SELECTOR = YES;
				GCC_WARN_UNINITIALIZED_AUTOS = YES_AGGRESSIVE;
				GCC_WARN_UNUSED_FUNCTION = YES;
				GCC_WARN_UNUSED_VARIABLE = YES;
				IPHONEOS_DEPLOYMENT_TARGET = 11.0;
				MTL_ENABLE_DEBUG_INFO = INCLUDE_SOURCE;
				MTL_FAST_MATH = YES;
				ONLY_ACTIVE_ARCH = YES;
				SDKROOT = iphoneos;
				SWIFT_ACTIVE_COMPILATION_CONDITIONS = DEBUG;
				SWIFT_OPTIMIZATION_LEVEL = "-Onone";
			};
			name = Debug;
		};
		2D41CDF52242952B002529FF /* Release */ = {
			isa = XCBuildConfiguration;
			buildSettings = {
				ALWAYS_SEARCH_USER_PATHS = NO;
				CLANG_ANALYZER_NONNULL = YES;
				CLANG_ANALYZER_NUMBER_OBJECT_CONVERSION = YES_AGGRESSIVE;
				CLANG_CXX_LANGUAGE_STANDARD = "gnu++14";
				CLANG_CXX_LIBRARY = "libc++";
				CLANG_ENABLE_MODULES = YES;
				CLANG_ENABLE_OBJC_ARC = YES;
				CLANG_ENABLE_OBJC_WEAK = YES;
				CLANG_WARN_BLOCK_CAPTURE_AUTORELEASING = YES;
				CLANG_WARN_BOOL_CONVERSION = YES;
				CLANG_WARN_COMMA = YES;
				CLANG_WARN_CONSTANT_CONVERSION = YES;
				CLANG_WARN_DEPRECATED_OBJC_IMPLEMENTATIONS = YES;
				CLANG_WARN_DIRECT_OBJC_ISA_USAGE = YES_ERROR;
				CLANG_WARN_DOCUMENTATION_COMMENTS = YES;
				CLANG_WARN_EMPTY_BODY = YES;
				CLANG_WARN_ENUM_CONVERSION = YES;
				CLANG_WARN_INFINITE_RECURSION = YES;
				CLANG_WARN_INT_CONVERSION = YES;
				CLANG_WARN_NON_LITERAL_NULL_CONVERSION = YES;
				CLANG_WARN_OBJC_IMPLICIT_RETAIN_SELF = YES;
				CLANG_WARN_OBJC_LITERAL_CONVERSION = YES;
				CLANG_WARN_OBJC_ROOT_CLASS = YES_ERROR;
				CLANG_WARN_RANGE_LOOP_ANALYSIS = YES;
				CLANG_WARN_STRICT_PROTOTYPES = YES;
				CLANG_WARN_SUSPICIOUS_MOVE = YES;
				CLANG_WARN_UNGUARDED_AVAILABILITY = YES_AGGRESSIVE;
				CLANG_WARN_UNREACHABLE_CODE = YES;
				CLANG_WARN__DUPLICATE_METHOD_MATCH = YES;
				CODE_SIGN_IDENTITY = "iPhone Developer";
				COPY_PHASE_STRIP = NO;
				DEBUG_INFORMATION_FORMAT = "dwarf-with-dsym";
				ENABLE_NS_ASSERTIONS = NO;
				ENABLE_STRICT_OBJC_MSGSEND = YES;
				GCC_C_LANGUAGE_STANDARD = gnu11;
				GCC_NO_COMMON_BLOCKS = YES;
				GCC_WARN_64_TO_32_BIT_CONVERSION = YES;
				GCC_WARN_ABOUT_RETURN_TYPE = YES_ERROR;
				GCC_WARN_UNDECLARED_SELECTOR = YES;
				GCC_WARN_UNINITIALIZED_AUTOS = YES_AGGRESSIVE;
				GCC_WARN_UNUSED_FUNCTION = YES;
				GCC_WARN_UNUSED_VARIABLE = YES;
				IPHONEOS_DEPLOYMENT_TARGET = 11.0;
				MTL_ENABLE_DEBUG_INFO = NO;
				MTL_FAST_MATH = YES;
				SDKROOT = iphoneos;
				SWIFT_COMPILATION_MODE = wholemodule;
				SWIFT_OPTIMIZATION_LEVEL = "-O";
				VALIDATE_PRODUCT = YES;
			};
			name = Release;
		};
		2D41CDF72242952B002529FF /* Debug */ = {
			isa = XCBuildConfiguration;
			buildSettings = {
				ASSETCATALOG_COMPILER_APPICON_NAME = AppIcon;
				CODE_SIGN_STYLE = Automatic;
				DEVELOPMENT_TEAM = 9RRJGR8P4P;
				INFOPLIST_FILE = "BLE simple practices/Info.plist";
				LD_RUNPATH_SEARCH_PATHS = (
					"$(inherited)",
					"@executable_path/Frameworks",
				);
				PRODUCT_BUNDLE_IDENTIFIER = "com.JoshuaChang.BLE-simple-practices";
				PRODUCT_NAME = "$(TARGET_NAME)";
				SWIFT_VERSION = 4.2;
				TARGETED_DEVICE_FAMILY = "1,2";
			};
			name = Debug;
		};
		2D41CDF82242952B002529FF /* Release */ = {
			isa = XCBuildConfiguration;
			buildSettings = {
				ASSETCATALOG_COMPILER_APPICON_NAME = AppIcon;
				CODE_SIGN_STYLE = Automatic;
				DEVELOPMENT_TEAM = 9RRJGR8P4P;
				INFOPLIST_FILE = "BLE simple practices/Info.plist";
				LD_RUNPATH_SEARCH_PATHS = (
					"$(inherited)",
					"@executable_path/Frameworks",
				);
				PRODUCT_BUNDLE_IDENTIFIER = "com.JoshuaChang.BLE-simple-practices";
				PRODUCT_NAME = "$(TARGET_NAME)";
				SWIFT_VERSION = 4.2;
				TARGETED_DEVICE_FAMILY = "1,2";
			};
			name = Release;
		};
/* End XCBuildConfiguration section */

/* Begin XCConfigurationList section */
		2D41CDDF22429529002529FF /* Build configuration list for PBXProject "BLE simple practices" */ = {
			isa = XCConfigurationList;
			buildConfigurations = (
				2D41CDF42242952B002529FF /* Debug */,
				2D41CDF52242952B002529FF /* Release */,
			);
			defaultConfigurationIsVisible = 0;
			defaultConfigurationName = Release;
		};
		2D41CDF62242952B002529FF /* Build configuration list for PBXNativeTarget "BLE simple practices" */ = {
			isa = XCConfigurationList;
			buildConfigurations = (
				2D41CDF72242952B002529FF /* Debug */,
				2D41CDF82242952B002529FF /* Release */,
			);
			defaultConfigurationIsVisible = 0;
			defaultConfigurationName = Release;
		};
/* End XCConfigurationList section */
	};
	rootObject = 2D41CDDC22429529002529FF /* Project object */;
}
